
Microsoft Visual Studio Solution File, Format Version 12.00
# Visual Studio 2013
VisualStudioVersion = 12.0.31101.0
MinimumVisualStudioVersion = 10.0.40219.1
Project("{FAE04EC0-301F-11D3-BF4B-00C04F79EFBC}") = "CustomException", "CustomException.csproj", "{824813C4-141E-4225-A0E2-58824C807346}"
EndProject
Global
	GlobalSection(SolutionConfigurationPlatforms) = preSolution
		Debug|Any CPU = Debug|Any CPU
		Release|Any CPU = Release|Any CPU
	EndGlobalSection
	GlobalSection(ProjectConfigurationPlatforms) = postSolution
		{824813C4-141E-4225-A0E2-58824C807346}.Debug|Any CPU.ActiveCfg = Debug|Any CPU
		{824813C4-141E-4225-A0E2-58824C807346}.Debug|Any CPU.Build.0 = Debug|Any CPU
		{824813C4-141E-4225-A0E2-58824C807346}.Release|Any CPU.ActiveCfg = Release|Any CPU
		{824813C4-141E-4225-A0E2-58824C807346}.Release|Any CPU.Build.0 = Release|Any CPU
	EndGlobalSection
	GlobalSection(SolutionProperties) = preSolution
		HideSolutionNode = FALSE
	EndGlobalSection
EndGlobal
